// !$*UTF8*$!
{
	archiveVersion = 1;
	classes = {
	};
	objectVersion = 50;
	objects = {

/* Begin PBXBuildFile section */
		1AFC562425F4859A0069F77F /* pomoApp.swift in Sources */ = {isa = PBXBuildFile; fileRef = 1AFC562325F4859A0069F77F /* pomoApp.swift */; };
		1AFC562625F4859A0069F77F /* ContentView.swift in Sources */ = {isa = PBXBuildFile; fileRef = 1AFC562525F4859A0069F77F /* ContentView.swift */; };
		1AFC562825F4859B0069F77F /* Assets.xcassets in Resources */ = {isa = PBXBuildFile; fileRef = 1AFC562725F4859B0069F77F /* Assets.xcassets */; };
		1AFC562B25F4859B0069F77F /* Preview Assets.xcassets in Resources */ = {isa = PBXBuildFile; fileRef = 1AFC562A25F4859B0069F77F /* Preview Assets.xcassets */; };
		1AFC563625F4859B0069F77F /* pomoTests.swift in Sources */ = {isa = PBXBuildFile; fileRef = 1AFC563525F4859B0069F77F /* pomoTests.swift */; };
		1AFC564125F4859B0069F77F /* pomoUITests.swift in Sources */ = {isa = PBXBuildFile; fileRef = 1AFC564025F4859B0069F77F /* pomoUITests.swift */; };
/* End PBXBuildFile section */

/* Begin PBXContainerItemProxy section */
		1AFC563225F4859B0069F77F /* PBXContainerItemProxy */ = {
			isa = PBXContainerItemProxy;
			containerPortal = 1AFC561825F4859A0069F77F /* Project object */;
			proxyType = 1;
			remoteGlobalIDString = 1AFC561F25F4859A0069F77F;
			remoteInfo = pomo;
		};
		1AFC563D25F4859B0069F77F /* PBXContainerItemProxy */ = {
			isa = PBXContainerItemProxy;
			containerPortal = 1AFC561825F4859A0069F77F /* Project object */;
			proxyType = 1;
			remoteGlobalIDString = 1AFC561F25F4859A0069F77F;
			remoteInfo = pomo;
		};
/* End PBXContainerItemProxy section */

/* Begin PBXFileReference section */
		1AFC562025F4859A0069F77F /* pomo.app */ = {isa = PBXFileReference; explicitFileType = wrapper.application; includeInIndex = 0; path = pomo.app; sourceTree = BUILT_PRODUCTS_DIR; };
		1AFC562325F4859A0069F77F /* pomoApp.swift */ = {isa = PBXFileReference; lastKnownFileType = sourcecode.swift; path = pomoApp.swift; sourceTree = "<group>"; };
		1AFC562525F4859A0069F77F /* ContentView.swift */ = {isa = PBXFileReference; lastKnownFileType = sourcecode.swift; path = ContentView.swift; sourceTree = "<group>"; };
		1AFC562725F4859B0069F77F /* Assets.xcassets */ = {isa = PBXFileReference; lastKnownFileType = folder.assetcatalog; path = Assets.xcassets; sourceTree = "<group>"; };
		1AFC562A25F4859B0069F77F /* Preview Assets.xcassets */ = {isa = PBXFileReference; lastKnownFileType = folder.assetcatalog; path = "Preview Assets.xcassets"; sourceTree = "<group>"; };
		1AFC562C25F4859B0069F77F /* Info.plist */ = {isa = PBXFileReference; lastKnownFileType = text.plist.xml; path = Info.plist; sourceTree = "<group>"; };
		1AFC563125F4859B0069F77F /* pomoTests.xctest */ = {isa = PBXFileReference; explicitFileType = wrapper.cfbundle; includeInIndex = 0; path = pomoTests.xctest; sourceTree = BUILT_PRODUCTS_DIR; };
		1AFC563525F4859B0069F77F /* pomoTests.swift */ = {isa = PBXFileReference; lastKnownFileType = sourcecode.swift; path = pomoTests.swift; sourceTree = "<group>"; };
		1AFC563725F4859B0069F77F /* Info.plist */ = {isa = PBXFileReference; lastKnownFileType = text.plist.xml; path = Info.plist; sourceTree = "<group>"; };
		1AFC563C25F4859B0069F77F /* pomoUITests.xctest */ = {isa = PBXFileReference; explicitFileType = wrapper.cfbundle; includeInIndex = 0; path = pomoUITests.xctest; sourceTree = BUILT_PRODUCTS_DIR; };
		1AFC564025F4859B0069F77F /* pomoUITests.swift */ = {isa = PBXFileReference; lastKnownFileType = sourcecode.swift; path = pomoUITests.swift; sourceTree = "<group>"; };
		1AFC564225F4859B0069F77F /* Info.plist */ = {isa = PBXFileReference; lastKnownFileType = text.plist.xml; path = Info.plist; sourceTree = "<group>"; };
/* End PBXFileReference section */

/* Begin PBXFrameworksBuildPhase section */
		1AFC561D25F4859A0069F77F /* Frameworks */ = {
			isa = PBXFrameworksBuildPhase;
			buildActionMask = 2147483647;
			files = (
			);
			runOnlyForDeploymentPostprocessing = 0;
		};
		1AFC562E25F4859B0069F77F /* Frameworks */ = {
			isa = PBXFrameworksBuildPhase;
			buildActionMask = 2147483647;
			files = (
			);
			runOnlyForDeploymentPostprocessing = 0;
		};
		1AFC563925F4859B0069F77F /* Frameworks */ = {
			isa = PBXFrameworksBuildPhase;
			buildActionMask = 2147483647;
			files = (
			);
			runOnlyForDeploymentPostprocessing = 0;
		};
/* End PBXFrameworksBuildPhase section */

/* Begin PBXGroup section */
		1AFC561725F4859A0069F77F = {
			isa = PBXGroup;
			children = (
				1AFC562225F4859A0069F77F /* pomo */,
				1AFC563425F4859B0069F77F /* pomoTests */,
				1AFC563F25F4859B0069F77F /* pomoUITests */,
				1AFC562125F4859A0069F77F /* Products */,
			);
			sourceTree = "<group>";
		};
		1AFC562125F4859A0069F77F /* Products */ = {
			isa = PBXGroup;
			children = (
				1AFC562025F4859A0069F77F /* pomo.app */,
				1AFC563125F4859B0069F77F /* pomoTests.xctest */,
				1AFC563C25F4859B0069F77F /* pomoUITests.xctest */,
			);
			name = Products;
			sourceTree = "<group>";
		};
		1AFC562225F4859A0069F77F /* pomo */ = {
			isa = PBXGroup;
			children = (
				1AFC562325F4859A0069F77F /* pomoApp.swift */,
				1AFC562525F4859A0069F77F /* ContentView.swift */,
				1AFC562725F4859B0069F77F /* Assets.xcassets */,
				1AFC562C25F4859B0069F77F /* Info.plist */,
				1AFC562925F4859B0069F77F /* Preview Content */,
			);
			path = pomo;
			sourceTree = "<group>";
		};
		1AFC562925F4859B0069F77F /* Preview Content */ = {
			isa = PBXGroup;
			children = (
				1AFC562A25F4859B0069F77F /* Preview Assets.xcassets */,
			);
			path = "Preview Content";
			sourceTree = "<group>";
		};
		1AFC563425F4859B0069F77F /* pomoTests */ = {
			isa = PBXGroup;
			children = (
				1AFC563525F4859B0069F77F /* pomoTests.swift */,
				1AFC563725F4859B0069F77F /* Info.plist */,
			);
			path = pomoTests;
			sourceTree = "<group>";
		};
		1AFC563F25F4859B0069F77F /* pomoUITests */ = {
			isa = PBXGroup;
			children = (
				1AFC564025F4859B0069F77F /* pomoUITests.swift */,
				1AFC564225F4859B0069F77F /* Info.plist */,
			);
			path = pomoUITests;
			sourceTree = "<group>";
		};
/* End PBXGroup section */

/* Begin PBXNativeTarget section */
		1AFC561F25F4859A0069F77F /* pomo */ = {
			isa = PBXNativeTarget;
			buildConfigurationList = 1AFC564525F4859B0069F77F /* Build configuration list for PBXNativeTarget "pomo" */;
			buildPhases = (
				1AFC561C25F4859A0069F77F /* Sources */,
				1AFC561D25F4859A0069F77F /* Frameworks */,
				1AFC561E25F4859A0069F77F /* Resources */,
			);
			buildRules = (
			);
			dependencies = (
			);
			name = pomo;
			productName = pomo;
			productReference = 1AFC562025F4859A0069F77F /* pomo.app */;
			productType = "com.apple.product-type.application";
		};
		1AFC563025F4859B0069F77F /* pomoTests */ = {
			isa = PBXNativeTarget;
			buildConfigurationList = 1AFC564825F4859B0069F77F /* Build configuration list for PBXNativeTarget "pomoTests" */;
			buildPhases = (
				1AFC562D25F4859B0069F77F /* Sources */,
				1AFC562E25F4859B0069F77F /* Frameworks */,
				1AFC562F25F4859B0069F77F /* Resources */,
			);
			buildRules = (
			);
			dependencies = (
				1AFC563325F4859B0069F77F /* PBXTargetDependency */,
			);
			name = pomoTests;
			productName = pomoTests;
			productReference = 1AFC563125F4859B0069F77F /* pomoTests.xctest */;
			productType = "com.apple.product-type.bundle.unit-test";
		};
		1AFC563B25F4859B0069F77F /* pomoUITests */ = {
			isa = PBXNativeTarget;
			buildConfigurationList = 1AFC564B25F4859B0069F77F /* Build configuration list for PBXNativeTarget "pomoUITests" */;
			buildPhases = (
				1AFC563825F4859B0069F77F /* Sources */,
				1AFC563925F4859B0069F77F /* Frameworks */,
				1AFC563A25F4859B0069F77F /* Resources */,
			);
			buildRules = (
			);
			dependencies = (
				1AFC563E25F4859B0069F77F /* PBXTargetDependency */,
			);
			name = pomoUITests;
			productName = pomoUITests;
			productReference = 1AFC563C25F4859B0069F77F /* pomoUITests.xctest */;
			productType = "com.apple.product-type.bundle.ui-testing";
		};
/* End PBXNativeTarget section */

/* Begin PBXProject section */
		1AFC561825F4859A0069F77F /* Project object */ = {
			isa = PBXProject;
			attributes = {
				LastSwiftUpdateCheck = 1240;
				LastUpgradeCheck = 1240;
				TargetAttributes = {
					1AFC561F25F4859A0069F77F = {
						CreatedOnToolsVersion = 12.4;
					};
					1AFC563025F4859B0069F77F = {
						CreatedOnToolsVersion = 12.4;
						TestTargetID = 1AFC561F25F4859A0069F77F;
					};
					1AFC563B25F4859B0069F77F = {
						CreatedOnToolsVersion = 12.4;
						TestTargetID = 1AFC561F25F4859A0069F77F;
					};
				};
			};
			buildConfigurationList = 1AFC561B25F4859A0069F77F /* Build configuration list for PBXProject "pomo" */;
			compatibilityVersion = "Xcode 9.3";
			developmentRegion = en;
			hasScannedForEncodings = 0;
			knownRegions = (
				en,
				Base,
			);
			mainGroup = 1AFC561725F4859A0069F77F;
			productRefGroup = 1AFC562125F4859A0069F77F /* Products */;
			projectDirPath = "";
			projectRoot = "";
			targets = (
				1AFC561F25F4859A0069F77F /* pomo */,
				1AFC563025F4859B0069F77F /* pomoTests */,
				1AFC563B25F4859B0069F77F /* pomoUITests */,
			);
		};
/* End PBXProject section */

/* Begin PBXResourcesBuildPhase section */
		1AFC561E25F4859A0069F77F /* Resources */ = {
			isa = PBXResourcesBuildPhase;
			buildActionMask = 2147483647;
			files = (
				1AFC562B25F4859B0069F77F /* Preview Assets.xcassets in Resources */,
				1AFC562825F4859B0069F77F /* Assets.xcassets in Resources */,
			);
			runOnlyForDeploymentPostprocessing = 0;
		};
		1AFC562F25F4859B0069F77F /* Resources */ = {
			isa = PBXResourcesBuildPhase;
			buildActionMask = 2147483647;
			files = (
			);
			runOnlyForDeploymentPostprocessing = 0;
		};
		1AFC563A25F4859B0069F77F /* Resources */ = {
			isa = PBXResourcesBuildPhase;
			buildActionMask = 2147483647;
			files = (
			);
			runOnlyForDeploymentPostprocessing = 0;
		};
/* End PBXResourcesBuildPhase section */

/* Begin PBXSourcesBuildPhase section */
		1AFC561C25F4859A0069F77F /* Sources */ = {
			isa = PBXSourcesBuildPhase;
			buildActionMask = 2147483647;
			files = (
				1AFC562625F4859A0069F77F /* ContentView.swift in Sources */,
				1AFC562425F4859A0069F77F /* pomoApp.swift in Sources */,
			);
			runOnlyForDeploymentPostprocessing = 0;
		};
		1AFC562D25F4859B0069F77F /* Sources */ = {
			isa = PBXSourcesBuildPhase;
			buildActionMask = 2147483647;
			files = (
				1AFC563625F4859B0069F77F /* pomoTests.swift in Sources */,
			);
			runOnlyForDeploymentPostprocessing = 0;
		};
		1AFC563825F4859B0069F77F /* Sources */ = {
			isa = PBXSourcesBuildPhase;
			buildActionMask = 2147483647;
			files = (
				1AFC564125F4859B0069F77F /* pomoUITests.swift in Sources */,
			);
			runOnlyForDeploymentPostprocessing = 0;
		};
/* End PBXSourcesBuildPhase section */

/* Begin PBXTargetDependency section */
		1AFC563325F4859B0069F77F /* PBXTargetDependency */ = {
			isa = PBXTargetDependency;
			target = 1AFC561F25F4859A0069F77F /* pomo */;
			targetProxy = 1AFC563225F4859B0069F77F /* PBXContainerItemProxy */;
		};
		1AFC563E25F4859B0069F77F /* PBXTargetDependency */ = {
			isa = PBXTargetDependency;
			target = 1AFC561F25F4859A0069F77F /* pomo */;
			targetProxy = 1AFC563D25F4859B0069F77F /* PBXContainerItemProxy */;
		};
/* End PBXTargetDependency section */

/* Begin XCBuildConfiguration section */
		1AFC564325F4859B0069F77F /* Debug */ = {
			isa = XCBuildConfiguration;
			buildSettings = {
				ALWAYS_SEARCH_USER_PATHS = NO;
				CLANG_ANALYZER_NONNULL = YES;
				CLANG_ANALYZER_NUMBER_OBJECT_CONVERSION = YES_AGGRESSIVE;
				CLANG_CXX_LANGUAGE_STANDARD = "gnu++14";
				CLANG_CXX_LIBRARY = "libc++";
				CLANG_ENABLE_MODULES = YES;
				CLANG_ENABLE_OBJC_ARC = YES;
				CLANG_ENABLE_OBJC_WEAK = YES;
				CLANG_WARN_BLOCK_CAPTURE_AUTORELEASING = YES;
				CLANG_WARN_BOOL_CONVERSION = YES;
				CLANG_WARN_COMMA = YES;
				CLANG_WARN_CONSTANT_CONVERSION = YES;
				CLANG_WARN_DEPRECATED_OBJC_IMPLEMENTATIONS = YES;
				CLANG_WARN_DIRECT_OBJC_ISA_USAGE = YES_ERROR;
				CLANG_WARN_DOCUMENTATION_COMMENTS = YES;
				CLANG_WARN_EMPTY_BODY = YES;
				CLANG_WARN_ENUM_CONVERSION = YES;
				CLANG_WARN_INFINITE_RECURSION = YES;
				CLANG_WARN_INT_CONVERSION = YES;
				CLANG_WARN_NON_LITERAL_NULL_CONVERSION = YES;
				CLANG_WARN_OBJC_IMPLICIT_RETAIN_SELF = YES;
				CLANG_WARN_OBJC_LITERAL_CONVERSION = YES;
				CLANG_WARN_OBJC_ROOT_CLASS = YES_ERROR;
				CLANG_WARN_QUOTED_INCLUDE_IN_FRAMEWORK_HEADER = YES;
				CLANG_WARN_RANGE_LOOP_ANALYSIS = YES;
				CLANG_WARN_STRICT_PROTOTYPES = YES;
				CLANG_WARN_SUSPICIOUS_MOVE = YES;
				CLANG_WARN_UNGUARDED_AVAILABILITY = YES_AGGRESSIVE;
				CLANG_WARN_UNREACHABLE_CODE = YES;
				CLANG_WARN__DUPLICATE_METHOD_MATCH = YES;
				COPY_PHASE_STRIP = NO;
				DEBUG_INFORMATION_FORMAT = dwarf;
				ENABLE_STRICT_OBJC_MSGSEND = YES;
				ENABLE_TESTABILITY = YES;
				GCC_C_LANGUAGE_STANDARD = gnu11;
				GCC_DYNAMIC_NO_PIC = NO;
				GCC_NO_COMMON_BLOCKS = YES;
				GCC_OPTIMIZATION_LEVEL = 0;
				GCC_PREPROCESSOR_DEFINITIONS = (
					"DEBUG=1",
					"$(inherited)",
				);
				GCC_WARN_64_TO_32_BIT_CONVERSION = YES;
				GCC_WARN_ABOUT_RETURN_TYPE = YES_ERROR;
				GCC_WARN_UNDECLARED_SELECTOR = YES;
				GCC_WARN_UNINITIALIZED_AUTOS = YES_AGGRESSIVE;
				GCC_WARN_UNUSED_FUNCTION = YES;
				GCC_WARN_UNUSED_VARIABLE = YES;
				IPHONEOS_DEPLOYMENT_TARGET = 14.4;
				MTL_ENABLE_DEBUG_INFO = INCLUDE_SOURCE;
				MTL_FAST_MATH = YES;
				ONLY_ACTIVE_ARCH = YES;
				SDKROOT = iphoneos;
				SWIFT_ACTIVE_COMPILATION_CONDITIONS = DEBUG;
				SWIFT_OPTIMIZATION_LEVEL = "-Onone";
			};
			name = Debug;
		};
		1AFC564425F4859B0069F77F /* Release */ = {
			isa = XCBuildConfiguration;
			buildSettings = {
				ALWAYS_SEARCH_USER_PATHS = NO;
				CLANG_ANALYZER_NONNULL = YES;
				CLANG_ANALYZER_NUMBER_OBJECT_CONVERSION = YES_AGGRESSIVE;
				CLANG_CXX_LANGUAGE_STANDARD = "gnu++14";
				CLANG_CXX_LIBRARY = "libc++";
				CLANG_ENABLE_MODULES = YES;
				CLANG_ENABLE_OBJC_ARC = YES;
				CLANG_ENABLE_OBJC_WEAK = YES;
				CLANG_WARN_BLOCK_CAPTURE_AUTORELEASING = YES;
				CLANG_WARN_BOOL_CONVERSION = YES;
				CLANG_WARN_COMMA = YES;
				CLANG_WARN_CONSTANT_CONVERSION = YES;
				CLANG_WARN_DEPRECATED_OBJC_IMPLEMENTATIONS = YES;
				CLANG_WARN_DIRECT_OBJC_ISA_USAGE = YES_ERROR;
				CLANG_WARN_DOCUMENTATION_COMMENTS = YES;
				CLANG_WARN_EMPTY_BODY = YES;
				CLANG_WARN_ENUM_CONVERSION = YES;
				CLANG_WARN_INFINITE_RECURSION = YES;
				CLANG_WARN_INT_CONVERSION = YES;
				CLANG_WARN_NON_LITERAL_NULL_CONVERSION = YES;
				CLANG_WARN_OBJC_IMPLICIT_RETAIN_SELF = YES;
				CLANG_WARN_OBJC_LITERAL_CONVERSION = YES;
				CLANG_WARN_OBJC_ROOT_CLASS = YES_ERROR;
				CLANG_WARN_QUOTED_INCLUDE_IN_FRAMEWORK_HEADER = YES;
				CLANG_WARN_RANGE_LOOP_ANALYSIS = YES;
				CLANG_WARN_STRICT_PROTOTYPES = YES;
				CLANG_WARN_SUSPICIOUS_MOVE = YES;
				CLANG_WARN_UNGUARDED_AVAILABILITY = YES_AGGRESSIVE;
				CLANG_WARN_UNREACHABLE_CODE = YES;
				CLANG_WARN__DUPLICATE_METHOD_MATCH = YES;
				COPY_PHASE_STRIP = NO;
				DEBUG_INFORMATION_FORMAT = "dwarf-with-dsym";
				ENABLE_NS_ASSERTIONS = NO;
				ENABLE_STRICT_OBJC_MSGSEND = YES;
				GCC_C_LANGUAGE_STANDARD = gnu11;
				GCC_NO_COMMON_BLOCKS = YES;
				GCC_WARN_64_TO_32_BIT_CONVERSION = YES;
				GCC_WARN_ABOUT_RETURN_TYPE = YES_ERROR;
				GCC_WARN_UNDECLARED_SELECTOR = YES;
				GCC_WARN_UNINITIALIZED_AUTOS = YES_AGGRESSIVE;
				GCC_WARN_UNUSED_FUNCTION = YES;
				GCC_WARN_UNUSED_VARIABLE = YES;
				IPHONEOS_DEPLOYMENT_TARGET = 14.4;
				MTL_ENABLE_DEBUG_INFO = NO;
				MTL_FAST_MATH = YES;
				SDKROOT = iphoneos;
				SWIFT_COMPILATION_MODE = wholemodule;
				SWIFT_OPTIMIZATION_LEVEL = "-O";
				VALIDATE_PRODUCT = YES;
			};
			name = Release;
		};
		1AFC564625F4859B0069F77F /* Debug */ = {
			isa = XCBuildConfiguration;
			buildSettings = {
				ASSETCATALOG_COMPILER_APPICON_NAME = AppIcon;
				ASSETCATALOG_COMPILER_GLOBAL_ACCENT_COLOR_NAME = AccentColor;
				CODE_SIGN_STYLE = Automatic;
				DEVELOPMENT_ASSET_PATHS = "\"pomo/Preview Content\"";
				ENABLE_PREVIEWS = YES;
				INFOPLIST_FILE = pomo/Info.plist;
				IPHONEOS_DEPLOYMENT_TARGET = 14.0;
				LD_RUNPATH_SEARCH_PATHS = (
					"$(inherited)",
					"@executable_path/Frameworks",
				);
				PRODUCT_BUNDLE_IDENTIFIER = com.steebe.pomo;
				PRODUCT_NAME = "$(TARGET_NAME)";
				SWIFT_VERSION = 5.0;
				TARGETED_DEVICE_FAMILY = "1,2";
			};
			name = Debug;
		};
		1AFC564725F4859B0069F77F /* Release */ = {
			isa = XCBuildConfiguration;
			buildSettings = {
				ASSETCATALOG_COMPILER_APPICON_NAME = AppIcon;
				ASSETCATALOG_COMPILER_GLOBAL_ACCENT_COLOR_NAME = AccentColor;
				CODE_SIGN_STYLE = Automatic;
				DEVELOPMENT_ASSET_PATHS = "\"pomo/Preview Content\"";
				ENABLE_PREVIEWS = YES;
				INFOPLIST_FILE = pomo/Info.plist;
				IPHONEOS_DEPLOYMENT_TARGET = 14.0;
				LD_RUNPATH_SEARCH_PATHS = (
					"$(inherited)",
					"@executable_path/Frameworks",
				);
				PRODUCT_BUNDLE_IDENTIFIER = com.steebe.pomo;
				PRODUCT_NAME = "$(TARGET_NAME)";
				SWIFT_VERSION = 5.0;
				TARGETED_DEVICE_FAMILY = "1,2";
			};
			name = Release;
		};
		1AFC564925F4859B0069F77F /* Debug */ = {
			isa = XCBuildConfiguration;
			buildSettings = {
				ALWAYS_EMBED_SWIFT_STANDARD_LIBRARIES = YES;
				BUNDLE_LOADER = "$(TEST_HOST)";
				CODE_SIGN_STYLE = Automatic;
				INFOPLIST_FILE = pomoTests/Info.plist;
				IPHONEOS_DEPLOYMENT_TARGET = 14.0;
				LD_RUNPATH_SEARCH_PATHS = (
					"$(inherited)",
					"@executable_path/Frameworks",
					"@loader_path/Frameworks",
				);
				PRODUCT_BUNDLE_IDENTIFIER = com.steebe.pomoTests;
				PRODUCT_NAME = "$(TARGET_NAME)";
				SWIFT_VERSION = 5.0;
				TARGETED_DEVICE_FAMILY = "1,2";
				TEST_HOST = "$(BUILT_PRODUCTS_DIR)/pomo.app/pomo";
			};
			name = Debug;
		};
		1AFC564A25F4859B0069F77F /* Release */ = {
			isa = XCBuildConfiguration;
			buildSettings = {
				ALWAYS_EMBED_SWIFT_STANDARD_LIBRARIES = YES;
				BUNDLE_LOADER = "$(TEST_HOST)";
				CODE_SIGN_STYLE = Automatic;
				INFOPLIST_FILE = pomoTests/Info.plist;
				IPHONEOS_DEPLOYMENT_TARGET = 14.0;
				LD_RUNPATH_SEARCH_PATHS = (
					"$(inherited)",
					"@executable_path/Frameworks",
					"@loader_path/Frameworks",
				);
				PRODUCT_BUNDLE_IDENTIFIER = com.steebe.pomoTests;
				PRODUCT_NAME = "$(TARGET_NAME)";
				SWIFT_VERSION = 5.0;
				TARGETED_DEVICE_FAMILY = "1,2";
				TEST_HOST = "$(BUILT_PRODUCTS_DIR)/pomo.app/pomo";
			};
			name = Release;
		};
		1AFC564C25F4859B0069F77F /* Debug */ = {
			isa = XCBuildConfiguration;
			buildSettings = {
				ALWAYS_EMBED_SWIFT_STANDARD_LIBRARIES = YES;
				CODE_SIGN_STYLE = Automatic;
				INFOPLIST_FILE = pomoUITests/Info.plist;
				LD_RUNPATH_SEARCH_PATHS = (
					"$(inherited)",
					"@executable_path/Frameworks",
					"@loader_path/Frameworks",
				);
				PRODUCT_BUNDLE_IDENTIFIER = com.steebe.pomoUITests;
				PRODUCT_NAME = "$(TARGET_NAME)";
				SWIFT_VERSION = 5.0;
				TARGETED_DEVICE_FAMILY = "1,2";
				TEST_TARGET_NAME = pomo;
			};
			name = Debug;
		};
		1AFC564D25F4859B0069F77F /* Release */ = {
			isa = XCBuildConfiguration;
			buildSettings = {
				ALWAYS_EMBED_SWIFT_STANDARD_LIBRARIES = YES;
				CODE_SIGN_STYLE = Automatic;
				INFOPLIST_FILE = pomoUITests/Info.plist;
				LD_RUNPATH_SEARCH_PATHS = (
					"$(inherited)",
					"@executable_path/Frameworks",
					"@loader_path/Frameworks",
				);
				PRODUCT_BUNDLE_IDENTIFIER = com.steebe.pomoUITests;
				PRODUCT_NAME = "$(TARGET_NAME)";
				SWIFT_VERSION = 5.0;
				TARGETED_DEVICE_FAMILY = "1,2";
				TEST_TARGET_NAME = pomo;
			};
			name = Release;
		};
/* End XCBuildConfiguration section */

/* Begin XCConfigurationList section */
		1AFC561B25F4859A0069F77F /* Build configuration list for PBXProject "pomo" */ = {
			isa = XCConfigurationList;
			buildConfigurations = (
				1AFC564325F4859B0069F77F /* Debug */,
				1AFC564425F4859B0069F77F /* Release */,
			);
			defaultConfigurationIsVisible = 0;
			defaultConfigurationName = Release;
		};
		1AFC564525F4859B0069F77F /* Build configuration list for PBXNativeTarget "pomo" */ = {
			isa = XCConfigurationList;
			buildConfigurations = (
				1AFC564625F4859B0069F77F /* Debug */,
				1AFC564725F4859B0069F77F /* Release */,
			);
			defaultConfigurationIsVisible = 0;
			defaultConfigurationName = Release;
		};
		1AFC564825F4859B0069F77F /* Build configuration list for PBXNativeTarget "pomoTests" */ = {
			isa = XCConfigurationList;
			buildConfigurations = (
				1AFC564925F4859B0069F77F /* Debug */,
				1AFC564A25F4859B0069F77F /* Release */,
			);
			defaultConfigurationIsVisible = 0;
			defaultConfigurationName = Release;
		};
		1AFC564B25F4859B0069F77F /* Build configuration list for PBXNativeTarget "pomoUITests" */ = {
			isa = XCConfigurationList;
			buildConfigurations = (
				1AFC564C25F4859B0069F77F /* Debug */,
				1AFC564D25F4859B0069F77F /* Release */,
			);
			defaultConfigurationIsVisible = 0;
			defaultConfigurationName = Release;
		};
/* End XCConfigurationList section */
	};
	rootObject = 1AFC561825F4859A0069F77F /* Project object */;
}
